// !$*UTF8*$!
{
	archiveVersion = 1;
	classes = {
	};
	objectVersion = 100;
	objects = {

/* Begin PBXBuildFile section */
		6A940D9C2FFE484800E3560A /* QuickLook.framework in Frameworks */ = {isa = PBXBuildFile; fileRef = 6A940D9B2FFE484800E3560A /* QuickLook.framework */; };
		6A940DB52FFE6CBC00E3560A /* QLExtension.appex in CopyFiles */ = {isa = PBXBuildFile; fileRef = 6A940D992FFE484800E3560A /* QLExtension.appex */; settings = {ATTRIBUTES = (RemoveHeadersOnCopy, ); }; };
		6AF2C4422FFEF7310088140F /* AssuageCore in Frameworks */ = {isa = PBXBuildFile; productRef = 6AF2C4412FFEF7310088140F /* AssuageCore */; };
		6AF2C4442FFEF7540088140F /* AssuageCore in Frameworks */ = {isa = PBXBuildFile; productRef = 6AF2C4432FFEF7540088140F /* AssuageCore */; };
		6AF2C4462FFEF77E0088140F /* AssuageCore in Frameworks */ = {isa = PBXBuildFile; productRef = 6AF2C4452FFEF77E0088140F /* AssuageCore */; };
/* End PBXBuildFile section */

/* Begin PBXContainerItemProxy section */
		6A940B242FF8139900E3560A /* PBXContainerItemProxy */ = {
			isa = PBXContainerItemProxy;
			containerPortal = 6A940B0E2FF8139800E3560A /* Project object */;
			proxyType = 1;
			remoteGlobalIDString = 6A940B152FF8139800E3560A;
			remoteInfo = Cypherdex;
		};
		6A940B2E2FF8139900E3560A /* PBXContainerItemProxy */ = {
			isa = PBXContainerItemProxy;
			containerPortal = 6A940B0E2FF8139800E3560A /* Project object */;
			proxyType = 1;
			remoteGlobalIDString = 6A940B152FF8139800E3560A;
			remoteInfo = Cypherdex;
		};
		6A940DB12FFE6A9100E3560A /* PBXContainerItemProxy */ = {
			isa = PBXContainerItemProxy;
			containerPortal = 6A940B0E2FF8139800E3560A /* Project object */;
			proxyType = 1;
			remoteGlobalIDString = 6A940D982FFE484800E3560A;
			remoteInfo = QLExtension;
		};
/* End PBXContainerItemProxy section */

/* Begin PBXCopyFilesBuildPhase section */
		6A940DB42FFE6C5E00E3560A /* CopyFiles */ = {
			isa = PBXCopyFilesBuildPhase;
			dstPath = "";
			dstSubfolder = PlugIns;
			files = (
				6A940DB52FFE6CBC00E3560A /* QLExtension.appex in CopyFiles */,
			);
		};
/* End PBXCopyFilesBuildPhase section */

/* Begin PBXFileReference section */
		6A940B162FF8139800E3560A /* Assuage.app */ = {isa = PBXFileReference; explicitFileType = wrapper.application; includeInIndex = 0; path = Assuage.app; sourceTree = BUILT_PRODUCTS_DIR; };
		6A940B232FF8139900E3560A /* AssuageTests.xctest */ = {isa = PBXFileReference; explicitFileType = wrapper.cfbundle; includeInIndex = 0; path = AssuageTests.xctest; sourceTree = BUILT_PRODUCTS_DIR; };
		6A940B2D2FF8139900E3560A /* AssuageUITests.xctest */ = {isa = PBXFileReference; explicitFileType = wrapper.cfbundle; includeInIndex = 0; path = AssuageUITests.xctest; sourceTree = BUILT_PRODUCTS_DIR; };
		6A940D992FFE484800E3560A /* QLExtension.appex */ = {isa = PBXFileReference; explicitFileType = "wrapper.app-extension"; includeInIndex = 0; path = QLExtension.appex; sourceTree = BUILT_PRODUCTS_DIR; };
		6A940D9B2FFE484800E3560A /* QuickLook.framework */ = {isa = PBXFileReference; lastKnownFileType = wrapper.framework; name = QuickLook.framework; path = System/Library/Frameworks/QuickLook.framework; sourceTree = SDKROOT; };
/* End PBXFileReference section */

/* Begin PBXFileSystemSynchronizedBuildFileExceptionSet section */
		6A940DA62FFE484800E3560A /* Exceptions for "QLExtension" folder in "QLExtension" target */ = {
			isa = PBXFileSystemSynchronizedBuildFileExceptionSet;
			membershipExceptions = (
				Info.plist,
			);
			target = 6A940D982FFE484800E3560A /* QLExtension */;
		};
		6A940E332FFE770200E3560A /* Exceptions for "Assuage" folder in "QLExtension" target */ = {
			isa = PBXFileSystemSynchronizedBuildFileExceptionSet;
			membershipExceptions = (
				"Support/AgeFileInfo+UI.swift",
				"Support/DecryptionCapability+UI.swift",
				"Support/Identity+UI.swift",
				Views/AgeFileInfoView.swift,
			);
			target = 6A940D982FFE484800E3560A /* QLExtension */;
		};
/* End PBXFileSystemSynchronizedBuildFileExceptionSet section */

/* Begin PBXFileSystemSynchronizedRootGroup section */
		6A940B182FF8139800E3560A /* Assuage */ = {
			isa = PBXFileSystemSynchronizedRootGroup;
			exceptions = (
				6A940E332FFE770200E3560A /* Exceptions for "Assuage" folder in "QLExtension" target */,
			);
			path = Assuage;
			sourceTree = "<group>";
		};
		6A940B262FF8139900E3560A /* AssuageTests */ = {
			isa = PBXFileSystemSynchronizedRootGroup;
			path = AssuageTests;
			sourceTree = "<group>";
		};
		6A940B302FF8139900E3560A /* AssuageUITests */ = {
			isa = PBXFileSystemSynchronizedRootGroup;
			path = AssuageUITests;
			sourceTree = "<group>";
		};
		6A940D9D2FFE484800E3560A /* QLExtension */ = {
			isa = PBXFileSystemSynchronizedRootGroup;
			exceptions = (
				6A940DA62FFE484800E3560A /* Exceptions for "QLExtension" folder in "QLExtension" target */,
			);
			path = QLExtension;
			sourceTree = "<group>";
		};
/* End PBXFileSystemSynchronizedRootGroup section */

/* Begin PBXFrameworksBuildPhase section */
		6A940B132FF8139800E3560A /* Frameworks */ = {
			isa = PBXFrameworksBuildPhase;
			files = (
				6AF2C4462FFEF77E0088140F /* AssuageCore in Frameworks */,
			);
		};
		6A940B202FF8139900E3560A /* Frameworks */ = {
			isa = PBXFrameworksBuildPhase;
			files = (
				6AF2C4422FFEF7310088140F /* AssuageCore in Frameworks */,
			);
		};
		6A940B2A2FF8139900E3560A /* Frameworks */ = {
			isa = PBXFrameworksBuildPhase;
			files = (
			);
		};
		6A940D962FFE484800E3560A /* Frameworks */ = {
			isa = PBXFrameworksBuildPhase;
			files = (
				6A940D9C2FFE484800E3560A /* QuickLook.framework in Frameworks */,
				6AF2C4442FFEF7540088140F /* AssuageCore in Frameworks */,
			);
		};
/* End PBXFrameworksBuildPhase section */

/* Begin PBXGroup section */
		6A940B0D2FF8139800E3560A = {
			isa = PBXGroup;
			children = (
				6A940B182FF8139800E3560A /* Assuage */,
				6A940B262FF8139900E3560A /* AssuageTests */,
				6A940B302FF8139900E3560A /* AssuageUITests */,
				6A940D9D2FFE484800E3560A /* QLExtension */,
				6A940D9A2FFE484800E3560A /* Frameworks */,
				6A940B172FF8139800E3560A /* Products */,
			);
			sourceTree = "<group>";
		};
		6A940B172FF8139800E3560A /* Products */ = {
			isa = PBXGroup;
			children = (
				6A940B162FF8139800E3560A /* Assuage.app */,
				6A940B232FF8139900E3560A /* AssuageTests.xctest */,
				6A940B2D2FF8139900E3560A /* AssuageUITests.xctest */,
				6A940D992FFE484800E3560A /* QLExtension.appex */,
			);
			name = Products;
			sourceTree = "<group>";
		};
		6A940D9A2FFE484800E3560A /* Frameworks */ = {
			isa = PBXGroup;
			children = (
				6A940D9B2FFE484800E3560A /* QuickLook.framework */,
			);
			name = Frameworks;
			sourceTree = "<group>";
		};
/* End PBXGroup section */

/* Begin PBXNativeTarget section */
		6A940B152FF8139800E3560A /* Assuage */ = {
			isa = PBXNativeTarget;
			buildConfigurationList = 6A940B372FF8139900E3560A /* Build configuration list for PBXNativeTarget "Assuage" */;
			buildPhases = (
				6A940B122FF8139800E3560A /* Sources */,
				6A940B132FF8139800E3560A /* Frameworks */,
				6A940B142FF8139800E3560A /* Resources */,
				6A940DB42FFE6C5E00E3560A /* CopyFiles */,
			);
			buildRules = (
			);
			dependencies = (
				6A940DB22FFE6A9100E3560A /* PBXTargetDependency */,
			);
			fileSystemSynchronizedGroups = (
				6A940B182FF8139800E3560A /* Assuage */,
			);
			name = Assuage;
			packageProductDependencies = (
				6AF2C4452FFEF77E0088140F /* AssuageCore */,
			);
			productName = Cypherdex;
			productReference = 6A940B162FF8139800E3560A /* Assuage.app */;
			productType = "com.apple.product-type.application";
		};
		6A940B222FF8139900E3560A /* AssuageTests */ = {
			isa = PBXNativeTarget;
			buildConfigurationList = 6A940B3A2FF8139900E3560A /* Build configuration list for PBXNativeTarget "AssuageTests" */;
			buildPhases = (
				6A940B1F2FF8139900E3560A /* Sources */,
				6A940B202FF8139900E3560A /* Frameworks */,
				6A940B212FF8139900E3560A /* Resources */,
			);
			buildRules = (
			);
			dependencies = (
				6A940B252FF8139900E3560A /* PBXTargetDependency */,
			);
			fileSystemSynchronizedGroups = (
				6A940B262FF8139900E3560A /* AssuageTests */,
			);
			name = AssuageTests;
			packageProductDependencies = (
				6AF2C4412FFEF7310088140F /* AssuageCore */,
			);
			productName = CypherdexTests;
			productReference = 6A940B232FF8139900E3560A /* AssuageTests.xctest */;
			productType = "com.apple.product-type.bundle.unit-test";
		};
		6A940B2C2FF8139900E3560A /* AssuageUITests */ = {
			isa = PBXNativeTarget;
			buildConfigurationList = 6A940B3D2FF8139900E3560A /* Build configuration list for PBXNativeTarget "AssuageUITests" */;
			buildPhases = (
				6A940B292FF8139900E3560A /* Sources */,
				6A940B2A2FF8139900E3560A /* Frameworks */,
				6A940B2B2FF8139900E3560A /* Resources */,
			);
			buildRules = (
			);
			dependencies = (
				6A940B2F2FF8139900E3560A /* PBXTargetDependency */,
			);
			fileSystemSynchronizedGroups = (
				6A940B302FF8139900E3560A /* AssuageUITests */,
			);
			name = AssuageUITests;
			productName = CypherdexUITests;
			productReference = 6A940B2D2FF8139900E3560A /* AssuageUITests.xctest */;
			productType = "com.apple.product-type.bundle.ui-testing";
		};
		6A940D982FFE484800E3560A /* QLExtension */ = {
			isa = PBXNativeTarget;
			buildConfigurationList = 6A940DA72FFE484800E3560A /* Build configuration list for PBXNativeTarget "QLExtension" */;
			buildPhases = (
				6A940D952FFE484800E3560A /* Sources */,
				6A940D962FFE484800E3560A /* Frameworks */,
				6A940D972FFE484800E3560A /* Resources */,
			);
			buildRules = (
			);
			fileSystemSynchronizedGroups = (
				6A940D9D2FFE484800E3560A /* QLExtension */,
			);
			name = QLExtension;
			packageProductDependencies = (
				6AF2C4432FFEF7540088140F /* AssuageCore */,
			);
			productName = QLExtension;
			productReference = 6A940D992FFE484800E3560A /* QLExtension.appex */;
			productType = "com.apple.product-type.app-extension";
		};
/* End PBXNativeTarget section */

/* Begin PBXProject section */
		6A940B0E2FF8139800E3560A /* Project object */ = {
			isa = PBXProject;
			attributes = {
				BuildIndependentTargetsInParallel = 1;
				LastSwiftUpdateCheck = 2660;
				LastUpgradeCheck = 2660;
				TargetAttributes = {
					6A940B152FF8139800E3560A = {
						CreatedOnToolsVersion = 26.6;
					};
					6A940B222FF8139900E3560A = {
						CreatedOnToolsVersion = 26.6;
						TestTargetID = 6A940B152FF8139800E3560A;
					};
					6A940B2C2FF8139900E3560A = {
						CreatedOnToolsVersion = 26.6;
						TestTargetID = 6A940B152FF8139800E3560A;
					};
					6A940D982FFE484800E3560A = {
						CreatedOnToolsVersion = 26.6;
					};
				};
			};
			buildConfigurationList = 6A940B112FF8139800E3560A /* Build configuration list for PBXProject "Assuage" */;
			developmentRegion = en;
			hasScannedForEncodings = 0;
			knownRegions = (
				en,
				Base,
			);
			mainGroup = 6A940B0D2FF8139800E3560A;
			minimizedProjectReferenceProxies = 1;
			packageReferences = (
				6AF2C4402FFEF71A0088140F /* XCLocalSwiftPackageReference "AssuageCore" */,
			);
			preferredProjectObjectVersion = 100;
			productRefGroup = 6A940B172FF8139800E3560A /* Products */;
			projectDirPath = "";
			projectRoot = "";
			targets = (
				6A940B152FF8139800E3560A /* Assuage */,
				6A940B222FF8139900E3560A /* AssuageTests */,
				6A940B2C2FF8139900E3560A /* AssuageUITests */,
				6A940D982FFE484800E3560A /* QLExtension */,
			);
		};
/* End PBXProject section */

/* Begin PBXResourcesBuildPhase section */
		6A940B142FF8139800E3560A /* Resources */ = {
			isa = PBXResourcesBuildPhase;
			files = (
			);
		};
		6A940B212FF8139900E3560A /* Resources */ = {
			isa = PBXResourcesBuildPhase;
			files = (
			);
		};
		6A940B2B2FF8139900E3560A /* Resources */ = {
			isa = PBXResourcesBuildPhase;
			files = (
			);
		};
		6A940D972FFE484800E3560A /* Resources */ = {
			isa = PBXResourcesBuildPhase;
			files = (
			);
		};
/* End PBXResourcesBuildPhase section */

/* Begin PBXSourcesBuildPhase section */
		6A940B122FF8139800E3560A /* Sources */ = {
			isa = PBXSourcesBuildPhase;
			files = (
			);
		};
		6A940B1F2FF8139900E3560A /* Sources */ = {
			isa = PBXSourcesBuildPhase;
			files = (
			);
		};
		6A940B292FF8139900E3560A /* Sources */ = {
			isa = PBXSourcesBuildPhase;
			files = (
			);
		};
		6A940D952FFE484800E3560A /* Sources */ = {
			isa = PBXSourcesBuildPhase;
			files = (
			);
		};
/* End PBXSourcesBuildPhase section */

/* Begin PBXTargetDependency section */
		6A940B252FF8139900E3560A /* PBXTargetDependency */ = {
			isa = PBXTargetDependency;
			target = 6A940B152FF8139800E3560A /* Assuage */;
			targetProxy = 6A940B242FF8139900E3560A /* PBXContainerItemProxy */;
		};
		6A940B2F2FF8139900E3560A /* PBXTargetDependency */ = {
			isa = PBXTargetDependency;
			target = 6A940B152FF8139800E3560A /* Assuage */;
			targetProxy = 6A940B2E2FF8139900E3560A /* PBXContainerItemProxy */;
		};
		6A940DB22FFE6A9100E3560A /* PBXTargetDependency */ = {
			isa = PBXTargetDependency;
			target = 6A940D982FFE484800E3560A /* QLExtension */;
			targetProxy = 6A940DB12FFE6A9100E3560A /* PBXContainerItemProxy */;
		};
/* End PBXTargetDependency section */

/* Begin XCBuildConfiguration section */
		6A940B352FF8139900E3560A /* Debug configuration for PBXProject "Assuage" */ = {
			isa = XCBuildConfiguration;
			buildSettings = {
				ALWAYS_SEARCH_USER_PATHS = NO;
				ASSETCATALOG_COMPILER_GENERATE_SWIFT_ASSET_SYMBOL_EXTENSIONS = YES;
				CLANG_ANALYZER_NONNULL = YES;
				CLANG_ANALYZER_NUMBER_OBJECT_CONVERSION = YES_AGGRESSIVE;
				CLANG_CXX_LANGUAGE_STANDARD = "gnu++20";
				CLANG_ENABLE_MODULES = YES;
				CLANG_ENABLE_OBJC_ARC = YES;
				CLANG_ENABLE_OBJC_WEAK = YES;
				CLANG_WARN_BLOCK_CAPTURE_AUTORELEASING = YES;
				CLANG_WARN_BOOL_CONVERSION = YES;
				CLANG_WARN_COMMA = YES;
				CLANG_WARN_CONSTANT_CONVERSION = YES;
				CLANG_WARN_DEPRECATED_OBJC_IMPLEMENTATIONS = YES;
				CLANG_WARN_DIRECT_OBJC_ISA_USAGE = YES_ERROR;
				CLANG_WARN_DOCUMENTATION_COMMENTS = YES;
				CLANG_WARN_EMPTY_BODY = YES;
				CLANG_WARN_ENUM_CONVERSION = YES;
				CLANG_WARN_INFINITE_RECURSION = YES;
				CLANG_WARN_INT_CONVERSION = YES;
				CLANG_WARN_NON_LITERAL_NULL_CONVERSION = YES;
				CLANG_WARN_OBJC_IMPLICIT_RETAIN_SELF = YES;
				CLANG_WARN_OBJC_LITERAL_CONVERSION = YES;
				CLANG_WARN_OBJC_ROOT_CLASS = YES_ERROR;
				CLANG_WARN_QUOTED_INCLUDE_IN_FRAMEWORK_HEADER = YES;
				CLANG_WARN_RANGE_LOOP_ANALYSIS = YES;
				CLANG_WARN_STRICT_PROTOTYPES = YES;
				CLANG_WARN_SUSPICIOUS_MOVE = YES;
				CLANG_WARN_UNGUARDED_AVAILABILITY = YES_AGGRESSIVE;
				CLANG_WARN_UNREACHABLE_CODE = YES;
				CLANG_WARN__DUPLICATE_METHOD_MATCH = YES;
				COPY_PHASE_STRIP = NO;
				DEBUG_INFORMATION_FORMAT = dwarf;
				DEVELOPMENT_TEAM = F3AZTWNYRT;
				ENABLE_STRICT_OBJC_MSGSEND = YES;
				ENABLE_TESTABILITY = YES;
				ENABLE_USER_SCRIPT_SANDBOXING = YES;
				GCC_C_LANGUAGE_STANDARD = gnu17;
				GCC_DYNAMIC_NO_PIC = NO;
				GCC_NO_COMMON_BLOCKS = YES;
				GCC_OPTIMIZATION_LEVEL = 0;
				GCC_PREPROCESSOR_DEFINITIONS = (
					"DEBUG=1",
					"$(inherited)",
				);
				GCC_WARN_64_TO_32_BIT_CONVERSION = YES;
				GCC_WARN_ABOUT_RETURN_TYPE = YES_ERROR;
				GCC_WARN_UNDECLARED_SELECTOR = YES;
				GCC_WARN_UNINITIALIZED_AUTOS = YES_AGGRESSIVE;
				GCC_WARN_UNUSED_FUNCTION = YES;
				GCC_WARN_UNUSED_VARIABLE = YES;
				LOCALIZATION_PREFERS_STRING_CATALOGS = YES;
				MTL_ENABLE_DEBUG_INFO = INCLUDE_SOURCE;
				MTL_FAST_MATH = YES;
				ONLY_ACTIVE_ARCH = YES;
				SWIFT_ACTIVE_COMPILATION_CONDITIONS = "DEBUG $(inherited)";
				SWIFT_OPTIMIZATION_LEVEL = "-Onone";
			};
			name = Debug;
		};
		6A940B362FF8139900E3560A /* Release configuration for PBXProject "Assuage" */ = {
			isa = XCBuildConfiguration;
			buildSettings = {
				ALWAYS_SEARCH_USER_PATHS = NO;
				ASSETCATALOG_COMPILER_GENERATE_SWIFT_ASSET_SYMBOL_EXTENSIONS = YES;
				CLANG_ANALYZER_NONNULL = YES;
				CLANG_ANALYZER_NUMBER_OBJECT_CONVERSION = YES_AGGRESSIVE;
				CLANG_CXX_LANGUAGE_STANDARD = "gnu++20";
				CLANG_ENABLE_MODULES = YES;
				CLANG_ENABLE_OBJC_ARC = YES;
				CLANG_ENABLE_OBJC_WEAK = YES;
				CLANG_WARN_BLOCK_CAPTURE_AUTORELEASING = YES;
				CLANG_WARN_BOOL_CONVERSION = YES;
				CLANG_WARN_COMMA = YES;
				CLANG_WARN_CONSTANT_CONVERSION = YES;
				CLANG_WARN_DEPRECATED_OBJC_IMPLEMENTATIONS = YES;
				CLANG_WARN_DIRECT_OBJC_ISA_USAGE = YES_ERROR;
				CLANG_WARN_DOCUMENTATION_COMMENTS = YES;
				CLANG_WARN_EMPTY_BODY = YES;
				CLANG_WARN_ENUM_CONVERSION = YES;
				CLANG_WARN_INFINITE_RECURSION = YES;
				CLANG_WARN_INT_CONVERSION = YES;
				CLANG_WARN_NON_LITERAL_NULL_CONVERSION = YES;
				CLANG_WARN_OBJC_IMPLICIT_RETAIN_SELF = YES;
				CLANG_WARN_OBJC_LITERAL_CONVERSION = YES;
				CLANG_WARN_OBJC_ROOT_CLASS = YES_ERROR;
				CLANG_WARN_QUOTED_INCLUDE_IN_FRAMEWORK_HEADER = YES;
				CLANG_WARN_RANGE_LOOP_ANALYSIS = YES;
				CLANG_WARN_STRICT_PROTOTYPES = YES;
				CLANG_WARN_SUSPICIOUS_MOVE = YES;
				CLANG_WARN_UNGUARDED_AVAILABILITY = YES_AGGRESSIVE;
				CLANG_WARN_UNREACHABLE_CODE = YES;
				CLANG_WARN__DUPLICATE_METHOD_MATCH = YES;
				COPY_PHASE_STRIP = NO;
				DEBUG_INFORMATION_FORMAT = "dwarf-with-dsym";
				DEVELOPMENT_TEAM = F3AZTWNYRT;
				ENABLE_NS_ASSERTIONS = NO;
				ENABLE_STRICT_OBJC_MSGSEND = YES;
				ENABLE_USER_SCRIPT_SANDBOXING = YES;
				GCC_C_LANGUAGE_STANDARD = gnu17;
				GCC_NO_COMMON_BLOCKS = YES;
				GCC_WARN_64_TO_32_BIT_CONVERSION = YES;
				GCC_WARN_ABOUT_RETURN_TYPE = YES_ERROR;
				GCC_WARN_UNDECLARED_SELECTOR = YES;
				GCC_WARN_UNINITIALIZED_AUTOS = YES_AGGRESSIVE;
				GCC_WARN_UNUSED_FUNCTION = YES;
				GCC_WARN_UNUSED_VARIABLE = YES;
				LOCALIZATION_PREFERS_STRING_CATALOGS = YES;
				MTL_ENABLE_DEBUG_INFO = NO;
				MTL_FAST_MATH = YES;
				SWIFT_COMPILATION_MODE = wholemodule;
			};
			name = Release;
		};
		6A940B382FF8139900E3560A /* Debug configuration for PBXNativeTarget "Assuage" */ = {
			isa = XCBuildConfiguration;
			buildSettings = {
				ASSETCATALOG_COMPILER_APPICON_NAME = AppIcon;
				ASSETCATALOG_COMPILER_GLOBAL_ACCENT_COLOR_NAME = AccentColor;
				CODE_SIGN_ENTITLEMENTS = "$(TARGET_NAME)/$(TARGET_NAME).entitlements";
				CODE_SIGN_STYLE = Automatic;
				CURRENT_PROJECT_VERSION = 1;
				DEVELOPMENT_TEAM = F3AZTWNYRT;
				ENABLE_APP_SANDBOX = NO;
				ENABLE_HARDENED_RUNTIME = YES;
				ENABLE_PREVIEWS = YES;
				ENABLE_USER_SELECTED_FILES = readonly;
				GENERATE_INFOPLIST_FILE = YES;
				INFOPLIST_FILE = "$(TARGET_NAME)/Info.plist";
				INFOPLIST_KEY_CFBundleDisplayName = Assuage;
				INFOPLIST_KEY_LSApplicationCategoryType = "public.app-category.utilities";
				"INFOPLIST_KEY_UIApplicationSceneManifest_Generation[sdk=iphoneos*]" = YES;
				"INFOPLIST_KEY_UIApplicationSceneManifest_Generation[sdk=iphonesimulator*]" = YES;
				"INFOPLIST_KEY_UIApplicationSupportsIndirectInputEvents[sdk=iphoneos*]" = YES;
				"INFOPLIST_KEY_UIApplicationSupportsIndirectInputEvents[sdk=iphonesimulator*]" = YES;
				"INFOPLIST_KEY_UILaunchScreen_Generation[sdk=iphoneos*]" = YES;
				"INFOPLIST_KEY_UILaunchScreen_Generation[sdk=iphonesimulator*]" = YES;
				"INFOPLIST_KEY_UIStatusBarStyle[sdk=iphoneos*]" = UIStatusBarStyleDefault;
				"INFOPLIST_KEY_UIStatusBarStyle[sdk=iphonesimulator*]" = UIStatusBarStyleDefault;
				INFOPLIST_KEY_UISupportedInterfaceOrientations_iPad = "UIInterfaceOrientationPortrait UIInterfaceOrientationPortraitUpsideDown UIInterfaceOrientationLandscapeLeft UIInterfaceOrientationLandscapeRight";
				INFOPLIST_KEY_UISupportedInterfaceOrientations_iPhone = "UIInterfaceOrientationPortrait UIInterfaceOrientationLandscapeLeft UIInterfaceOrientationLandscapeRight";
				IPHONEOS_DEPLOYMENT_TARGET = 26.5;
				LD_RUNPATH_SEARCH_PATHS = "@executable_path/Frameworks";
				"LD_RUNPATH_SEARCH_PATHS[sdk=macosx*]" = "@executable_path/../Frameworks";
				MACOSX_DEPLOYMENT_TARGET = 26.5;
				MARKETING_VERSION = 1.0;
				PRODUCT_BUNDLE_IDENTIFIER = dev.smoll.Assuage;
				PRODUCT_NAME = "$(TARGET_NAME)";
				REGISTER_APP_GROUPS = YES;
				SDKROOT = auto;
				STRING_CATALOG_GENERATE_SYMBOLS = YES;
				SUPPORTED_PLATFORMS = macosx;
				SWIFT_APPROACHABLE_CONCURRENCY = YES;
				SWIFT_DEFAULT_ACTOR_ISOLATION = MainActor;
				SWIFT_EMIT_LOC_STRINGS = YES;
				SWIFT_UPCOMING_FEATURE_MEMBER_IMPORT_VISIBILITY = YES;
				SWIFT_VERSION = 6.0;
				TARGETED_DEVICE_FAMILY = "1,2,7";
				XROS_DEPLOYMENT_TARGET = 26.5;
			};
			name = Debug;
		};
		6A940B392FF8139900E3560A /* Release configuration for PBXNativeTarget "Assuage" */ = {
			isa = XCBuildConfiguration;
			buildSettings = {
				ASSETCATALOG_COMPILER_APPICON_NAME = AppIcon;
				ASSETCATALOG_COMPILER_GLOBAL_ACCENT_COLOR_NAME = AccentColor;
				CODE_SIGN_ENTITLEMENTS = "$(TARGET_NAME)/$(TARGET_NAME).entitlements";
				CODE_SIGN_STYLE = Automatic;
				CURRENT_PROJECT_VERSION = 1;
				DEVELOPMENT_TEAM = F3AZTWNYRT;
				ENABLE_APP_SANDBOX = NO;
				ENABLE_HARDENED_RUNTIME = YES;
				ENABLE_PREVIEWS = YES;
				ENABLE_USER_SELECTED_FILES = readonly;
				GENERATE_INFOPLIST_FILE = YES;
				INFOPLIST_FILE = "$(TARGET_NAME)/Info.plist";
				INFOPLIST_KEY_CFBundleDisplayName = Assuage;
				INFOPLIST_KEY_LSApplicationCategoryType = "public.app-category.utilities";
				"INFOPLIST_KEY_UIApplicationSceneManifest_Generation[sdk=iphoneos*]" = YES;
				"INFOPLIST_KEY_UIApplicationSceneManifest_Generation[sdk=iphonesimulator*]" = YES;
				"INFOPLIST_KEY_UIApplicationSupportsIndirectInputEvents[sdk=iphoneos*]" = YES;
				"INFOPLIST_KEY_UIApplicationSupportsIndirectInputEvents[sdk=iphonesimulator*]" = YES;
				"INFOPLIST_KEY_UILaunchScreen_Generation[sdk=iphoneos*]" = YES;
				"INFOPLIST_KEY_UILaunchScreen_Generation[sdk=iphonesimulator*]" = YES;
				"INFOPLIST_KEY_UIStatusBarStyle[sdk=iphoneos*]" = UIStatusBarStyleDefault;
				"INFOPLIST_KEY_UIStatusBarStyle[sdk=iphonesimulator*]" = UIStatusBarStyleDefault;
				INFOPLIST_KEY_UISupportedInterfaceOrientations_iPad = "UIInterfaceOrientationPortrait UIInterfaceOrientationPortraitUpsideDown UIInterfaceOrientationLandscapeLeft UIInterfaceOrientationLandscapeRight";
				INFOPLIST_KEY_UISupportedInterfaceOrientations_iPhone = "UIInterfaceOrientationPortrait UIInterfaceOrientationLandscapeLeft UIInterfaceOrientationLandscapeRight";
				IPHONEOS_DEPLOYMENT_TARGET = 26.5;
				LD_RUNPATH_SEARCH_PATHS = "@executable_path/Frameworks";
				"LD_RUNPATH_SEARCH_PATHS[sdk=macosx*]" = "@executable_path/../Frameworks";
				MACOSX_DEPLOYMENT_TARGET = 26.5;
				MARKETING_VERSION = 1.0;
				PRODUCT_BUNDLE_IDENTIFIER = dev.smoll.Assuage;
				PRODUCT_NAME = "$(TARGET_NAME)";
				REGISTER_APP_GROUPS = YES;
				SDKROOT = auto;
				STRING_CATALOG_GENERATE_SYMBOLS = YES;
				SUPPORTED_PLATFORMS = macosx;
				SWIFT_APPROACHABLE_CONCURRENCY = YES;
				SWIFT_DEFAULT_ACTOR_ISOLATION = MainActor;
				SWIFT_EMIT_LOC_STRINGS = YES;
				SWIFT_UPCOMING_FEATURE_MEMBER_IMPORT_VISIBILITY = YES;
				SWIFT_VERSION = 6.0;
				TARGETED_DEVICE_FAMILY = "1,2,7";
				XROS_DEPLOYMENT_TARGET = 26.5;
			};
			name = Release;
		};
		6A940B3B2FF8139900E3560A /* Debug configuration for PBXNativeTarget "AssuageTests" */ = {
			isa = XCBuildConfiguration;
			buildSettings = {
				BUNDLE_LOADER = "$(TEST_HOST)";
				CODE_SIGN_STYLE = Automatic;
				CURRENT_PROJECT_VERSION = 1;
				DEVELOPMENT_TEAM = F3AZTWNYRT;
				GENERATE_INFOPLIST_FILE = YES;
				IPHONEOS_DEPLOYMENT_TARGET = 26.5;
				MACOSX_DEPLOYMENT_TARGET = 26.5;
				MARKETING_VERSION = 1.0;
				PRODUCT_BUNDLE_IDENTIFIER = dev.smoll.AssuageTests;
				PRODUCT_NAME = "$(TARGET_NAME)";
				SDKROOT = auto;
				STRING_CATALOG_GENERATE_SYMBOLS = NO;
				SUPPORTED_PLATFORMS = macosx;
				SWIFT_APPROACHABLE_CONCURRENCY = YES;
				SWIFT_EMIT_LOC_STRINGS = NO;
				SWIFT_UPCOMING_FEATURE_MEMBER_IMPORT_VISIBILITY = YES;
				SWIFT_VERSION = 6.0;
				TARGETED_DEVICE_FAMILY = "1,2,7";
				TEST_HOST = "$(BUILT_PRODUCTS_DIR)/Assuage.app/$(BUNDLE_EXECUTABLE_FOLDER_PATH)/Assuage";
				XROS_DEPLOYMENT_TARGET = 26.5;
			};
			name = Debug;
		};
		6A940B3C2FF8139900E3560A /* Release configuration for PBXNativeTarget "AssuageTests" */ = {
			isa = XCBuildConfiguration;
			buildSettings = {
				BUNDLE_LOADER = "$(TEST_HOST)";
				CODE_SIGN_STYLE = Automatic;
				CURRENT_PROJECT_VERSION = 1;
				DEVELOPMENT_TEAM = F3AZTWNYRT;
				GENERATE_INFOPLIST_FILE = YES;
				IPHONEOS_DEPLOYMENT_TARGET = 26.5;
				MACOSX_DEPLOYMENT_TARGET = 26.5;
				MARKETING_VERSION = 1.0;
				PRODUCT_BUNDLE_IDENTIFIER = dev.smoll.AssuageTests;
				PRODUCT_NAME = "$(TARGET_NAME)";
				SDKROOT = auto;
				STRING_CATALOG_GENERATE_SYMBOLS = NO;
				SUPPORTED_PLATFORMS = macosx;
				SWIFT_APPROACHABLE_CONCURRENCY = YES;
				SWIFT_EMIT_LOC_STRINGS = NO;
				SWIFT_UPCOMING_FEATURE_MEMBER_IMPORT_VISIBILITY = YES;
				SWIFT_VERSION = 6.0;
				TARGETED_DEVICE_FAMILY = "1,2,7";
				TEST_HOST = "$(BUILT_PRODUCTS_DIR)/Assuage.app/$(BUNDLE_EXECUTABLE_FOLDER_PATH)/Assuage";
				XROS_DEPLOYMENT_TARGET = 26.5;
			};
			name = Release;
		};
		6A940B3E2FF8139900E3560A /* Debug configuration for PBXNativeTarget "AssuageUITests" */ = {
			isa = XCBuildConfiguration;
			buildSettings = {
				CODE_SIGN_STYLE = Automatic;
				CURRENT_PROJECT_VERSION = 1;
				DEVELOPMENT_TEAM = F3AZTWNYRT;
				GENERATE_INFOPLIST_FILE = YES;
				IPHONEOS_DEPLOYMENT_TARGET = 26.5;
				MACOSX_DEPLOYMENT_TARGET = 26.5;
				MARKETING_VERSION = 1.0;
				PRODUCT_BUNDLE_IDENTIFIER = dev.smoll.AssuageUITests;
				PRODUCT_NAME = "$(TARGET_NAME)";
				SDKROOT = auto;
				STRING_CATALOG_GENERATE_SYMBOLS = NO;
				SUPPORTED_PLATFORMS = macosx;
				SWIFT_APPROACHABLE_CONCURRENCY = YES;
				SWIFT_EMIT_LOC_STRINGS = NO;
				SWIFT_UPCOMING_FEATURE_MEMBER_IMPORT_VISIBILITY = YES;
				SWIFT_VERSION = 6.0;
				TARGETED_DEVICE_FAMILY = "1,2,7";
				TEST_TARGET_NAME = Cypherdex;
				XROS_DEPLOYMENT_TARGET = 26.5;
			};
			name = Debug;
		};
		6A940B3F2FF8139900E3560A /* Release configuration for PBXNativeTarget "AssuageUITests" */ = {
			isa = XCBuildConfiguration;
			buildSettings = {
				CODE_SIGN_STYLE = Automatic;
				CURRENT_PROJECT_VERSION = 1;
				DEVELOPMENT_TEAM = F3AZTWNYRT;
				GENERATE_INFOPLIST_FILE = YES;
				IPHONEOS_DEPLOYMENT_TARGET = 26.5;
				MACOSX_DEPLOYMENT_TARGET = 26.5;
				MARKETING_VERSION = 1.0;
				PRODUCT_BUNDLE_IDENTIFIER = dev.smoll.AssuageUITests;
				PRODUCT_NAME = "$(TARGET_NAME)";
				SDKROOT = auto;
				STRING_CATALOG_GENERATE_SYMBOLS = NO;
				SUPPORTED_PLATFORMS = macosx;
				SWIFT_APPROACHABLE_CONCURRENCY = YES;
				SWIFT_EMIT_LOC_STRINGS = NO;
				SWIFT_UPCOMING_FEATURE_MEMBER_IMPORT_VISIBILITY = YES;
				SWIFT_VERSION = 6.0;
				TARGETED_DEVICE_FAMILY = "1,2,7";
				TEST_TARGET_NAME = Cypherdex;
				XROS_DEPLOYMENT_TARGET = 26.5;
			};
			name = Release;
		};
		6A940DA82FFE484800E3560A /* Debug configuration for PBXNativeTarget "QLExtension" */ = {
			isa = XCBuildConfiguration;
			buildSettings = {
				CODE_SIGN_STYLE = Automatic;
				CURRENT_PROJECT_VERSION = 1;
				DEVELOPMENT_TEAM = F3AZTWNYRT;
				ENABLE_APP_SANDBOX = YES;
				ENABLE_HARDENED_RUNTIME = YES;
				ENABLE_INCOMING_NETWORK_CONNECTIONS = NO;
				ENABLE_OUTGOING_NETWORK_CONNECTIONS = YES;
				ENABLE_RESOURCE_ACCESS_AUDIO_INPUT = NO;
				ENABLE_RESOURCE_ACCESS_BLUETOOTH = NO;
				ENABLE_RESOURCE_ACCESS_CALENDARS = NO;
				ENABLE_RESOURCE_ACCESS_CAMERA = NO;
				ENABLE_RESOURCE_ACCESS_CONTACTS = NO;
				ENABLE_RESOURCE_ACCESS_LOCATION = NO;
				ENABLE_RESOURCE_ACCESS_PRINTING = NO;
				ENABLE_RESOURCE_ACCESS_USB = NO;
				GENERATE_INFOPLIST_FILE = YES;
				INFOPLIST_FILE = QLExtension/Info.plist;
				INFOPLIST_KEY_CFBundleDisplayName = QLExtension;
				INFOPLIST_KEY_NSHumanReadableCopyright = "";
				IPHONEOS_DEPLOYMENT_TARGET = 26.0;
				LD_RUNPATH_SEARCH_PATHS = (
					"$(inherited)",
					"@executable_path/Frameworks",
					"@executable_path/../../Frameworks",
				);
				MACOSX_DEPLOYMENT_TARGET = 15.6;
				MARKETING_VERSION = 1.0;
				PRODUCT_BUNDLE_IDENTIFIER = dev.smoll.Assuage.QLExtension;
				PRODUCT_NAME = "$(TARGET_NAME)";
				REGISTER_APP_GROUPS = YES;
				SDKROOT = iphoneos;
				SKIP_INSTALL = YES;
				STRING_CATALOG_GENERATE_SYMBOLS = YES;
				SUPPORTED_PLATFORMS = "iphoneos iphonesimulator macosx";
				SUPPORTS_MACCATALYST = NO;
				SUPPORTS_MAC_DESIGNED_FOR_IPHONE_IPAD = NO;
				SWIFT_APPROACHABLE_CONCURRENCY = YES;
				SWIFT_EMIT_LOC_STRINGS = YES;
				SWIFT_UPCOMING_FEATURE_MEMBER_IMPORT_VISIBILITY = YES;
				SWIFT_VERSION = 5.0;
				TARGETED_DEVICE_FAMILY = "1,2";
			};
			name = Debug;
		};
		6A940DA92FFE484800E3560A /* Release configuration for PBXNativeTarget "QLExtension" */ = {
			isa = XCBuildConfiguration;
			buildSettings = {
				CODE_SIGN_STYLE = Automatic;
				CURRENT_PROJECT_VERSION = 1;
				DEVELOPMENT_TEAM = F3AZTWNYRT;
				ENABLE_APP_SANDBOX = YES;
				ENABLE_HARDENED_RUNTIME = YES;
				ENABLE_INCOMING_NETWORK_CONNECTIONS = NO;
				ENABLE_OUTGOING_NETWORK_CONNECTIONS = YES;
				ENABLE_RESOURCE_ACCESS_AUDIO_INPUT = NO;
				ENABLE_RESOURCE_ACCESS_BLUETOOTH = NO;
				ENABLE_RESOURCE_ACCESS_CALENDARS = NO;
				ENABLE_RESOURCE_ACCESS_CAMERA = NO;
				ENABLE_RESOURCE_ACCESS_CONTACTS = NO;
				ENABLE_RESOURCE_ACCESS_LOCATION = NO;
				ENABLE_RESOURCE_ACCESS_PRINTING = NO;
				ENABLE_RESOURCE_ACCESS_USB = NO;
				GENERATE_INFOPLIST_FILE = YES;
				INFOPLIST_FILE = QLExtension/Info.plist;
				INFOPLIST_KEY_CFBundleDisplayName = QLExtension;
				INFOPLIST_KEY_NSHumanReadableCopyright = "";
				IPHONEOS_DEPLOYMENT_TARGET = 26.0;
				LD_RUNPATH_SEARCH_PATHS = (
					"$(inherited)",
					"@executable_path/Frameworks",
					"@executable_path/../../Frameworks",
				);
				MACOSX_DEPLOYMENT_TARGET = 15.6;
				MARKETING_VERSION = 1.0;
				PRODUCT_BUNDLE_IDENTIFIER = dev.smoll.Assuage.QLExtension;
				PRODUCT_NAME = "$(TARGET_NAME)";
				REGISTER_APP_GROUPS = YES;
				SDKROOT = iphoneos;
				SKIP_INSTALL = YES;
				STRING_CATALOG_GENERATE_SYMBOLS = YES;
				SUPPORTED_PLATFORMS = "iphoneos iphonesimulator macosx";
				SUPPORTS_MACCATALYST = NO;
				SUPPORTS_MAC_DESIGNED_FOR_IPHONE_IPAD = NO;
				SWIFT_APPROACHABLE_CONCURRENCY = YES;
				SWIFT_EMIT_LOC_STRINGS = YES;
				SWIFT_UPCOMING_FEATURE_MEMBER_IMPORT_VISIBILITY = YES;
				SWIFT_VERSION = 5.0;
				TARGETED_DEVICE_FAMILY = "1,2";
				VALIDATE_PRODUCT = YES;
			};
			name = Release;
		};
/* End XCBuildConfiguration section */

/* Begin XCConfigurationList section */
		6A940B112FF8139800E3560A /* Build configuration list for PBXProject "Assuage" */ = {
			isa = XCConfigurationList;
			buildConfigurations = (
				6A940B352FF8139900E3560A /* Debug configuration for PBXProject "Assuage" */,
				6A940B362FF8139900E3560A /* Release configuration for PBXProject "Assuage" */,
			);
			defaultConfigurationName = Release;
		};
		6A940B372FF8139900E3560A /* Build configuration list for PBXNativeTarget "Assuage" */ = {
			isa = XCConfigurationList;
			buildConfigurations = (
				6A940B382FF8139900E3560A /* Debug configuration for PBXNativeTarget "Assuage" */,
				6A940B392FF8139900E3560A /* Release configuration for PBXNativeTarget "Assuage" */,
			);
			defaultConfigurationName = Release;
		};
		6A940B3A2FF8139900E3560A /* Build configuration list for PBXNativeTarget "AssuageTests" */ = {
			isa = XCConfigurationList;
			buildConfigurations = (
				6A940B3B2FF8139900E3560A /* Debug configuration for PBXNativeTarget "AssuageTests" */,
				6A940B3C2FF8139900E3560A /* Release configuration for PBXNativeTarget "AssuageTests" */,
			);
			defaultConfigurationName = Release;
		};
		6A940B3D2FF8139900E3560A /* Build configuration list for PBXNativeTarget "AssuageUITests" */ = {
			isa = XCConfigurationList;
			buildConfigurations = (
				6A940B3E2FF8139900E3560A /* Debug configuration for PBXNativeTarget "AssuageUITests" */,
				6A940B3F2FF8139900E3560A /* Release configuration for PBXNativeTarget "AssuageUITests" */,
			);
			defaultConfigurationName = Release;
		};
		6A940DA72FFE484800E3560A /* Build configuration list for PBXNativeTarget "QLExtension" */ = {
			isa = XCConfigurationList;
			buildConfigurations = (
				6A940DA82FFE484800E3560A /* Debug configuration for PBXNativeTarget "QLExtension" */,
				6A940DA92FFE484800E3560A /* Release configuration for PBXNativeTarget "QLExtension" */,
			);
			defaultConfigurationName = Release;
		};
/* End XCConfigurationList section */

/* Begin XCLocalSwiftPackageReference section */
		6AF2C4402FFEF71A0088140F /* XCLocalSwiftPackageReference "AssuageCore" */ = {
			isa = XCLocalSwiftPackageReference;
			relativePath = AssuageCore;
		};
/* End XCLocalSwiftPackageReference section */

/* Begin XCSwiftPackageProductDependency section */
		6AF2C4412FFEF7310088140F /* AssuageCore */ = {
			isa = XCSwiftPackageProductDependency;
			package = 6AF2C4402FFEF71A0088140F /* XCLocalSwiftPackageReference "AssuageCore" */;
			productName = AssuageCore;
		};
		6AF2C4432FFEF7540088140F /* AssuageCore */ = {
			isa = XCSwiftPackageProductDependency;
			package = 6AF2C4402FFEF71A0088140F /* XCLocalSwiftPackageReference "AssuageCore" */;
			productName = AssuageCore;
		};
		6AF2C4452FFEF77E0088140F /* AssuageCore */ = {
			isa = XCSwiftPackageProductDependency;
			package = 6AF2C4402FFEF71A0088140F /* XCLocalSwiftPackageReference "AssuageCore" */;
			productName = AssuageCore;
		};
/* End XCSwiftPackageProductDependency section */
	};
	rootObject = 6A940B0E2FF8139800E3560A /* Project object */;
}
