{
  "originHash" : "b615b14485ccef2f3a8c9c73bdd647ce8a6de0ccbec1e9cc192ba092fcda65f2",
  "pins" : [
    {
      "identity" : "swift-asn1",
      "kind" : "remoteSourceControl",
      "location" : "https://github.com/apple/swift-asn1.git",
      "state" : {
        "branch" : "main",
        "revision" : "a9a5efd40eaf558a2bcd48d64b1d1646be686008"
      }
    },
    {
      "identity" : "swift-extras-base64",
      "kind" : "remoteSourceControl",
      "location" : "https://github.com/swift-extras/swift-extras-base64.git",
      "state" : {
        "revision" : "97237cf1bc1feebaeb0febec91c1e1b9e4d839b3",
        "version" : "0.7.0"
      }
    },
    {
      "identity" : "swift-scrypt",
      "kind" : "remoteSourceControl",
      "location" : "https://github.com/greymass/swift-scrypt.git",
      "state" : {
        "revision" : "631f21c36bff63e33ad13353ee801b4a032dda15",
        "version" : "1.0.2"
      }
    }
  ],
  "version" : 3
}
