{
  "originHash" : "4c7dbe660b95c44552406344c07187a28248ac867ef0e26ff3c20632ddb086cd",
  "pins" : [
    {
      "identity" : "swift-extras-base64",
      "kind" : "remoteSourceControl",
      "location" : "https://github.com/swift-extras/swift-extras-base64.git",
      "state" : {
        "revision" : "97237cf1bc1feebaeb0febec91c1e1b9e4d839b3",
        "version" : "0.7.0"
      }
    },
    {
      "identity" : "swift-scrypt",
      "kind" : "remoteSourceControl",
      "location" : "https://github.com/greymass/swift-scrypt.git",
      "state" : {
        "revision" : "631f21c36bff63e33ad13353ee801b4a032dda15",
        "version" : "1.0.2"
      }
    }
  ],
  "version" : 3
}
